// !$*UTF8*$!
{
	archiveVersion = 1;
	classes = {
	};
	objectVersion = 46;
	objects = {

/* Begin PBXBuildFile section */
		979533EB1C25FD2500F8233E /* GoogleSearchImageProvider.m in Sources */ = {isa = PBXBuildFile; fileRef = 979533EA1C25FD2500F8233E /* GoogleSearchImageProvider.m */; };
		979533F01C260E2700F8233E /* ImageTableViewCell.m in Sources */ = {isa = PBXBuildFile; fileRef = 979533EF1C260E2700F8233E /* ImageTableViewCell.m */; };
		979533FA1C26EFA100F8233E /* ImagesModel.m in Sources */ = {isa = PBXBuildFile; fileRef = 979533F91C26EFA100F8233E /* ImagesModel.m */; };
		979534061C27290400F8233E /* ImagesDB.xcdatamodeld in Sources */ = {isa = PBXBuildFile; fileRef = 979534041C27290400F8233E /* ImagesDB.xcdatamodeld */; };
		979534121C272B5700F8233E /* ImageData+CoreDataProperties.m in Sources */ = {isa = PBXBuildFile; fileRef = 9795340F1C272B5700F8233E /* ImageData+CoreDataProperties.m */; };
		979534131C272B5700F8233E /* ImageData.m in Sources */ = {isa = PBXBuildFile; fileRef = 979534111C272B5700F8233E /* ImageData.m */; };
		979534171C272BE500F8233E /* CoreDataImageCache.m in Sources */ = {isa = PBXBuildFile; fileRef = 979534161C272BE500F8233E /* CoreDataImageCache.m */; };
		9795341D1C273CD000F8233E /* ImageProviderDTO.m in Sources */ = {isa = PBXBuildFile; fileRef = 9795341C1C273CD000F8233E /* ImageProviderDTO.m */; };
		97BD12581C25F2B3003C9D05 /* main.m in Sources */ = {isa = PBXBuildFile; fileRef = 97BD12571C25F2B3003C9D05 /* main.m */; };
		97BD125B1C25F2B3003C9D05 /* AppDelegate.m in Sources */ = {isa = PBXBuildFile; fileRef = 97BD125A1C25F2B3003C9D05 /* AppDelegate.m */; };
		97BD125E1C25F2B3003C9D05 /* ViewController.m in Sources */ = {isa = PBXBuildFile; fileRef = 97BD125D1C25F2B3003C9D05 /* ViewController.m */; };
		97BD12611C25F2B3003C9D05 /* Main.storyboard in Resources */ = {isa = PBXBuildFile; fileRef = 97BD125F1C25F2B3003C9D05 /* Main.storyboard */; };
		97BD12631C25F2B3003C9D05 /* Assets.xcassets in Resources */ = {isa = PBXBuildFile; fileRef = 97BD12621C25F2B3003C9D05 /* Assets.xcassets */; };
		97BD12661C25F2B3003C9D05 /* LaunchScreen.storyboard in Resources */ = {isa = PBXBuildFile; fileRef = 97BD12641C25F2B3003C9D05 /* LaunchScreen.storyboard */; };
		CCE75C71F363F0B3BCCEBEDE /* libPods-test-image-search.a in Frameworks */ = {isa = PBXBuildFile; fileRef = 6C409455C541396896DD1BD7 /* libPods-test-image-search.a */; };
/* End PBXBuildFile section */

/* Begin PBXFileReference section */
		6C409455C541396896DD1BD7 /* libPods-test-image-search.a */ = {isa = PBXFileReference; explicitFileType = archive.ar; includeInIndex = 0; path = "libPods-test-image-search.a"; sourceTree = BUILT_PRODUCTS_DIR; };
		8C0925BF57E73AE66C616671 /* Pods-test-image-search.debug.xcconfig */ = {isa = PBXFileReference; includeInIndex = 1; lastKnownFileType = text.xcconfig; name = "Pods-test-image-search.debug.xcconfig"; path = "Pods/Target Support Files/Pods-test-image-search/Pods-test-image-search.debug.xcconfig"; sourceTree = "<group>"; };
		979533E91C25FD2500F8233E /* GoogleSearchImageProvider.h */ = {isa = PBXFileReference; fileEncoding = 4; lastKnownFileType = sourcecode.c.h; path = GoogleSearchImageProvider.h; sourceTree = "<group>"; };
		979533EA1C25FD2500F8233E /* GoogleSearchImageProvider.m */ = {isa = PBXFileReference; fileEncoding = 4; lastKnownFileType = sourcecode.c.objc; path = GoogleSearchImageProvider.m; sourceTree = "<group>"; };
		979533EE1C260E2700F8233E /* ImageTableViewCell.h */ = {isa = PBXFileReference; fileEncoding = 4; lastKnownFileType = sourcecode.c.h; path = ImageTableViewCell.h; sourceTree = "<group>"; };
		979533EF1C260E2700F8233E /* ImageTableViewCell.m */ = {isa = PBXFileReference; fileEncoding = 4; lastKnownFileType = sourcecode.c.objc; path = ImageTableViewCell.m; sourceTree = "<group>"; };
		979533F21C26E70C00F8233E /* ImageProvider.h */ = {isa = PBXFileReference; fileEncoding = 4; lastKnownFileType = sourcecode.c.h; path = ImageProvider.h; sourceTree = "<group>"; };
		979533F81C26EFA100F8233E /* ImagesModel.h */ = {isa = PBXFileReference; fileEncoding = 4; lastKnownFileType = sourcecode.c.h; path = ImagesModel.h; sourceTree = "<group>"; };
		979533F91C26EFA100F8233E /* ImagesModel.m */ = {isa = PBXFileReference; fileEncoding = 4; lastKnownFileType = sourcecode.c.objc; path = ImagesModel.m; sourceTree = "<group>"; };
		979534051C27290400F8233E /* ImagesDB.xcdatamodel */ = {isa = PBXFileReference; lastKnownFileType = wrapper.xcdatamodel; path = ImagesDB.xcdatamodel; sourceTree = "<group>"; };
		9795340E1C272B5700F8233E /* ImageData+CoreDataProperties.h */ = {isa = PBXFileReference; fileEncoding = 4; lastKnownFileType = sourcecode.c.h; path = "ImageData+CoreDataProperties.h"; sourceTree = "<group>"; };
		9795340F1C272B5700F8233E /* ImageData+CoreDataProperties.m */ = {isa = PBXFileReference; fileEncoding = 4; lastKnownFileType = sourcecode.c.objc; path = "ImageData+CoreDataProperties.m"; sourceTree = "<group>"; };
		979534101C272B5700F8233E /* ImageData.h */ = {isa = PBXFileReference; fileEncoding = 4; lastKnownFileType = sourcecode.c.h; path = ImageData.h; sourceTree = "<group>"; };
		979534111C272B5700F8233E /* ImageData.m */ = {isa = PBXFileReference; fileEncoding = 4; lastKnownFileType = sourcecode.c.objc; path = ImageData.m; sourceTree = "<group>"; };
		979534151C272BE500F8233E /* CoreDataImageCache.h */ = {isa = PBXFileReference; fileEncoding = 4; lastKnownFileType = sourcecode.c.h; path = CoreDataImageCache.h; sourceTree = "<group>"; };
		979534161C272BE500F8233E /* CoreDataImageCache.m */ = {isa = PBXFileReference; fileEncoding = 4; lastKnownFileType = sourcecode.c.objc; path = CoreDataImageCache.m; sourceTree = "<group>"; };
		979534181C27330F00F8233E /* ImageCache.h */ = {isa = PBXFileReference; fileEncoding = 4; lastKnownFileType = sourcecode.c.h; path = ImageCache.h; sourceTree = "<group>"; };
		9795341B1C273CD000F8233E /* ImageProviderDTO.h */ = {isa = PBXFileReference; fileEncoding = 4; lastKnownFileType = sourcecode.c.h; path = ImageProviderDTO.h; sourceTree = "<group>"; };
		9795341C1C273CD000F8233E /* ImageProviderDTO.m */ = {isa = PBXFileReference; fileEncoding = 4; lastKnownFileType = sourcecode.c.objc; path = ImageProviderDTO.m; sourceTree = "<group>"; };
		97BD12531C25F2B3003C9D05 /* test-image-search.app */ = {isa = PBXFileReference; explicitFileType = wrapper.application; includeInIndex = 0; path = "test-image-search.app"; sourceTree = BUILT_PRODUCTS_DIR; };
		97BD12571C25F2B3003C9D05 /* main.m */ = {isa = PBXFileReference; lastKnownFileType = sourcecode.c.objc; path = main.m; sourceTree = "<group>"; };
		97BD12591C25F2B3003C9D05 /* AppDelegate.h */ = {isa = PBXFileReference; lastKnownFileType = sourcecode.c.h; path = AppDelegate.h; sourceTree = "<group>"; };
		97BD125A1C25F2B3003C9D05 /* AppDelegate.m */ = {isa = PBXFileReference; lastKnownFileType = sourcecode.c.objc; path = AppDelegate.m; sourceTree = "<group>"; };
		97BD125C1C25F2B3003C9D05 /* ViewController.h */ = {isa = PBXFileReference; lastKnownFileType = sourcecode.c.h; path = ViewController.h; sourceTree = "<group>"; };
		97BD125D1C25F2B3003C9D05 /* ViewController.m */ = {isa = PBXFileReference; lastKnownFileType = sourcecode.c.objc; path = ViewController.m; sourceTree = "<group>"; };
		97BD12601C25F2B3003C9D05 /* Base */ = {isa = PBXFileReference; lastKnownFileType = file.storyboard; name = Base; path = Base.lproj/Main.storyboard; sourceTree = "<group>"; };
		97BD12621C25F2B3003C9D05 /* Assets.xcassets */ = {isa = PBXFileReference; lastKnownFileType = folder.assetcatalog; path = Assets.xcassets; sourceTree = "<group>"; };
		97BD12651C25F2B3003C9D05 /* Base */ = {isa = PBXFileReference; lastKnownFileType = file.storyboard; name = Base; path = Base.lproj/LaunchScreen.storyboard; sourceTree = "<group>"; };
		97BD12671C25F2B3003C9D05 /* Info.plist */ = {isa = PBXFileReference; lastKnownFileType = text.plist.xml; path = Info.plist; sourceTree = "<group>"; };
		ADEAD597D83F93C39D1B07E5 /* Pods-test-image-search.release.xcconfig */ = {isa = PBXFileReference; includeInIndex = 1; lastKnownFileType = text.xcconfig; name = "Pods-test-image-search.release.xcconfig"; path = "Pods/Target Support Files/Pods-test-image-search/Pods-test-image-search.release.xcconfig"; sourceTree = "<group>"; };
/* End PBXFileReference section */

/* Begin PBXFrameworksBuildPhase section */
		97BD12501C25F2B3003C9D05 /* Frameworks */ = {
			isa = PBXFrameworksBuildPhase;
			buildActionMask = 2147483647;
			files = (
				CCE75C71F363F0B3BCCEBEDE /* libPods-test-image-search.a in Frameworks */,
			);
			runOnlyForDeploymentPostprocessing = 0;
		};
/* End PBXFrameworksBuildPhase section */

/* Begin PBXGroup section */
		0BA30ACA4936358302BEAF98 /* Frameworks */ = {
			isa = PBXGroup;
			children = (
				6C409455C541396896DD1BD7 /* libPods-test-image-search.a */,
			);
			name = Frameworks;
			sourceTree = "<group>";
		};
		979533FB1C271A1E00F8233E /* View */ = {
			isa = PBXGroup;
			children = (
				97BD125C1C25F2B3003C9D05 /* ViewController.h */,
				97BD125D1C25F2B3003C9D05 /* ViewController.m */,
				979533EE1C260E2700F8233E /* ImageTableViewCell.h */,
				979533EF1C260E2700F8233E /* ImageTableViewCell.m */,
			);
			name = View;
			sourceTree = "<group>";
		};
		979533FC1C271A2A00F8233E /* Model */ = {
			isa = PBXGroup;
			children = (
				979533F81C26EFA100F8233E /* ImagesModel.h */,
				979533F91C26EFA100F8233E /* ImagesModel.m */,
			);
			name = Model;
			sourceTree = "<group>";
		};
		979533FD1C271A4400F8233E /* Service */ = {
			isa = PBXGroup;
			children = (
				979534001C27278000F8233E /* ImageCache */,
				979533FF1C27277600F8233E /* ImageLoading */,
			);
			name = Service;
			sourceTree = "<group>";
		};
		979533FE1C271A5B00F8233E /* GoogleSearch */ = {
			isa = PBXGroup;
			children = (
				979533E91C25FD2500F8233E /* GoogleSearchImageProvider.h */,
				979533EA1C25FD2500F8233E /* GoogleSearchImageProvider.m */,
			);
			name = GoogleSearch;
			sourceTree = "<group>";
		};
		979533FF1C27277600F8233E /* ImageLoading */ = {
			isa = PBXGroup;
			children = (
				979533F21C26E70C00F8233E /* ImageProvider.h */,
				9795341B1C273CD000F8233E /* ImageProviderDTO.h */,
				9795341C1C273CD000F8233E /* ImageProviderDTO.m */,
				979533FE1C271A5B00F8233E /* GoogleSearch */,
			);
			name = ImageLoading;
			sourceTree = "<group>";
		};
		979534001C27278000F8233E /* ImageCache */ = {
			isa = PBXGroup;
			children = (
				979534181C27330F00F8233E /* ImageCache.h */,
				979534141C272BC000F8233E /* CoreDataImageCache */,
			);
			name = ImageCache;
			sourceTree = "<group>";
		};
		9795340D1C2729A800F8233E /* ModelObjects */ = {
			isa = PBXGroup;
			children = (
				9795340E1C272B5700F8233E /* ImageData+CoreDataProperties.h */,
				9795340F1C272B5700F8233E /* ImageData+CoreDataProperties.m */,
				979534101C272B5700F8233E /* ImageData.h */,
				979534111C272B5700F8233E /* ImageData.m */,
			);
			name = ModelObjects;
			sourceTree = "<group>";
		};
		979534141C272BC000F8233E /* CoreDataImageCache */ = {
			isa = PBXGroup;
			children = (
				9795340D1C2729A800F8233E /* ModelObjects */,
				979534151C272BE500F8233E /* CoreDataImageCache.h */,
				979534161C272BE500F8233E /* CoreDataImageCache.m */,
				979534041C27290400F8233E /* ImagesDB.xcdatamodeld */,
			);
			name = CoreDataImageCache;
			sourceTree = "<group>";
		};
		97BD124A1C25F2B3003C9D05 = {
			isa = PBXGroup;
			children = (
				97BD12551C25F2B3003C9D05 /* test-image-search */,
				97BD12541C25F2B3003C9D05 /* Products */,
				CDF0FE7CEFF7FB036E0B843B /* Pods */,
				0BA30ACA4936358302BEAF98 /* Frameworks */,
			);
			sourceTree = "<group>";
		};
		97BD12541C25F2B3003C9D05 /* Products */ = {
			isa = PBXGroup;
			children = (
				97BD12531C25F2B3003C9D05 /* test-image-search.app */,
			);
			name = Products;
			sourceTree = "<group>";
		};
		97BD12551C25F2B3003C9D05 /* test-image-search */ = {
			isa = PBXGroup;
			children = (
				979533FD1C271A4400F8233E /* Service */,
				979533FC1C271A2A00F8233E /* Model */,
				979533FB1C271A1E00F8233E /* View */,
				97BD12591C25F2B3003C9D05 /* AppDelegate.h */,
				97BD125A1C25F2B3003C9D05 /* AppDelegate.m */,
				97BD125F1C25F2B3003C9D05 /* Main.storyboard */,
				97BD12621C25F2B3003C9D05 /* Assets.xcassets */,
				97BD12641C25F2B3003C9D05 /* LaunchScreen.storyboard */,
				97BD12671C25F2B3003C9D05 /* Info.plist */,
				97BD12561C25F2B3003C9D05 /* Supporting Files */,
			);
			path = "test-image-search";
			sourceTree = "<group>";
		};
		97BD12561C25F2B3003C9D05 /* Supporting Files */ = {
			isa = PBXGroup;
			children = (
				97BD12571C25F2B3003C9D05 /* main.m */,
			);
			name = "Supporting Files";
			sourceTree = "<group>";
		};
		CDF0FE7CEFF7FB036E0B843B /* Pods */ = {
			isa = PBXGroup;
			children = (
				8C0925BF57E73AE66C616671 /* Pods-test-image-search.debug.xcconfig */,
				ADEAD597D83F93C39D1B07E5 /* Pods-test-image-search.release.xcconfig */,
			);
			name = Pods;
			sourceTree = "<group>";
		};
/* End PBXGroup section */

/* Begin PBXNativeTarget section */
		97BD12521C25F2B3003C9D05 /* test-image-search */ = {
			isa = PBXNativeTarget;
			buildConfigurationList = 97BD126A1C25F2B3003C9D05 /* Build configuration list for PBXNativeTarget "test-image-search" */;
			buildPhases = (
				16045CFE42DFD8A4FF25DE74 /* Check Pods Manifest.lock */,
				97BD124F1C25F2B3003C9D05 /* Sources */,
				97BD12501C25F2B3003C9D05 /* Frameworks */,
				97BD12511C25F2B3003C9D05 /* Resources */,
				FF996A5557B186053754B35B /* Embed Pods Frameworks */,
				D5552D150E7F32660A8E643A /* Copy Pods Resources */,
			);
			buildRules = (
			);
			dependencies = (
			);
			name = "test-image-search";
			productName = "test-image-search";
			productReference = 97BD12531C25F2B3003C9D05 /* test-image-search.app */;
			productType = "com.apple.product-type.application";
		};
/* End PBXNativeTarget section */

/* Begin PBXProject section */
		97BD124B1C25F2B3003C9D05 /* Project object */ = {
			isa = PBXProject;
			attributes = {
				LastUpgradeCheck = 0720;
				ORGANIZATIONNAME = "Sergey Sedov";
				TargetAttributes = {
					97BD12521C25F2B3003C9D05 = {
						CreatedOnToolsVersion = 7.2;
					};
				};
			};
			buildConfigurationList = 97BD124E1C25F2B3003C9D05 /* Build configuration list for PBXProject "test-image-search" */;
			compatibilityVersion = "Xcode 3.2";
			developmentRegion = English;
			hasScannedForEncodings = 0;
			knownRegions = (
				en,
				Base,
			);
			mainGroup = 97BD124A1C25F2B3003C9D05;
			productRefGroup = 97BD12541C25F2B3003C9D05 /* Products */;
			projectDirPath = "";
			projectRoot = "";
			targets = (
				97BD12521C25F2B3003C9D05 /* test-image-search */,
			);
		};
/* End PBXProject section */

/* Begin PBXResourcesBuildPhase section */
		97BD12511C25F2B3003C9D05 /* Resources */ = {
			isa = PBXResourcesBuildPhase;
			buildActionMask = 2147483647;
			files = (
				97BD12661C25F2B3003C9D05 /* LaunchScreen.storyboard in Resources */,
				97BD12631C25F2B3003C9D05 /* Assets.xcassets in Resources */,
				97BD12611C25F2B3003C9D05 /* Main.storyboard in Resources */,
			);
			runOnlyForDeploymentPostprocessing = 0;
		};
/* End PBXResourcesBuildPhase section */

/* Begin PBXShellScriptBuildPhase section */
		16045CFE42DFD8A4FF25DE74 /* Check Pods Manifest.lock */ = {
			isa = PBXShellScriptBuildPhase;
			buildActionMask = 2147483647;
			files = (
			);
			inputPaths = (
			);
			name = "Check Pods Manifest.lock";
			outputPaths = (
			);
			runOnlyForDeploymentPostprocessing = 0;
			shellPath = /bin/sh;
			shellScript = "diff \"${PODS_ROOT}/../Podfile.lock\" \"${PODS_ROOT}/Manifest.lock\" > /dev/null\nif [[ $? != 0 ]] ; then\n    cat << EOM\nerror: The sandbox is not in sync with the Podfile.lock. Run 'pod install' or update your CocoaPods installation.\nEOM\n    exit 1\nfi\n";
			showEnvVarsInLog = 0;
		};
		D5552D150E7F32660A8E643A /* Copy Pods Resources */ = {
			isa = PBXShellScriptBuildPhase;
			buildActionMask = 2147483647;
			files = (
			);
			inputPaths = (
			);
			name = "Copy Pods Resources";
			outputPaths = (
			);
			runOnlyForDeploymentPostprocessing = 0;
			shellPath = /bin/sh;
			shellScript = "\"${SRCROOT}/Pods/Target Support Files/Pods-test-image-search/Pods-test-image-search-resources.sh\"\n";
			showEnvVarsInLog = 0;
		};
		FF996A5557B186053754B35B /* Embed Pods Frameworks */ = {
			isa = PBXShellScriptBuildPhase;
			buildActionMask = 2147483647;
			files = (
			);
			inputPaths = (
			);
			name = "Embed Pods Frameworks";
			outputPaths = (
			);
			runOnlyForDeploymentPostprocessing = 0;
			shellPath = /bin/sh;
			shellScript = "\"${SRCROOT}/Pods/Target Support Files/Pods-test-image-search/Pods-test-image-search-frameworks.sh\"\n";
			showEnvVarsInLog = 0;
		};
/* End PBXShellScriptBuildPhase section */

/* Begin PBXSourcesBuildPhase section */
		97BD124F1C25F2B3003C9D05 /* Sources */ = {
			isa = PBXSourcesBuildPhase;
			buildActionMask = 2147483647;
			files = (
				979533FA1C26EFA100F8233E /* ImagesModel.m in Sources */,
				9795341D1C273CD000F8233E /* ImageProviderDTO.m in Sources */,
				97BD125E1C25F2B3003C9D05 /* ViewController.m in Sources */,
				979533F01C260E2700F8233E /* ImageTableViewCell.m in Sources */,
				979534121C272B5700F8233E /* ImageData+CoreDataProperties.m in Sources */,
				97BD125B1C25F2B3003C9D05 /* AppDelegate.m in Sources */,
				97BD12581C25F2B3003C9D05 /* main.m in Sources */,
				979533EB1C25FD2500F8233E /* GoogleSearchImageProvider.m in Sources */,
				979534061C27290400F8233E /* ImagesDB.xcdatamodeld in Sources */,
				979534171C272BE500F8233E /* CoreDataImageCache.m in Sources */,
				979534131C272B5700F8233E /* ImageData.m in Sources */,
			);
			runOnlyForDeploymentPostprocessing = 0;
		};
/* End PBXSourcesBuildPhase section */

/* Begin PBXVariantGroup section */
		97BD125F1C25F2B3003C9D05 /* Main.storyboard */ = {
			isa = PBXVariantGroup;
			children = (
				97BD12601C25F2B3003C9D05 /* Base */,
			);
			name = Main.storyboard;
			sourceTree = "<group>";
		};
		97BD12641C25F2B3003C9D05 /* LaunchScreen.storyboard */ = {
			isa = PBXVariantGroup;
			children = (
				97BD12651C25F2B3003C9D05 /* Base */,
			);
			name = LaunchScreen.storyboard;
			sourceTree = "<group>";
		};
/* End PBXVariantGroup section */

/* Begin XCBuildConfiguration section */
		97BD12681C25F2B3003C9D05 /* Debug */ = {
			isa = XCBuildConfiguration;
			buildSettings = {
				ALWAYS_SEARCH_USER_PATHS = NO;
				CLANG_CXX_LANGUAGE_STANDARD = "gnu++0x";
				CLANG_CXX_LIBRARY = "libc++";
				CLANG_ENABLE_MODULES = YES;
				CLANG_ENABLE_OBJC_ARC = YES;
				CLANG_WARN_BOOL_CONVERSION = YES;
				CLANG_WARN_CONSTANT_CONVERSION = YES;
				CLANG_WARN_DIRECT_OBJC_ISA_USAGE = YES_ERROR;
				CLANG_WARN_EMPTY_BODY = YES;
				CLANG_WARN_ENUM_CONVERSION = YES;
				CLANG_WARN_INT_CONVERSION = YES;
				CLANG_WARN_OBJC_ROOT_CLASS = YES_ERROR;
				CLANG_WARN_UNREACHABLE_CODE = YES;
				CLANG_WARN__DUPLICATE_METHOD_MATCH = YES;
				"CODE_SIGN_IDENTITY[sdk=iphoneos*]" = "iPhone Developer";
				COPY_PHASE_STRIP = NO;
				DEBUG_INFORMATION_FORMAT = dwarf;
				ENABLE_STRICT_OBJC_MSGSEND = YES;
				ENABLE_TESTABILITY = YES;
				GCC_C_LANGUAGE_STANDARD = gnu99;
				GCC_DYNAMIC_NO_PIC = NO;
				GCC_NO_COMMON_BLOCKS = YES;
				GCC_OPTIMIZATION_LEVEL = 0;
				GCC_PREPROCESSOR_DEFINITIONS = (
					"DEBUG=1",
					"$(inherited)",
				);
				GCC_WARN_64_TO_32_BIT_CONVERSION = YES;
				GCC_WARN_ABOUT_RETURN_TYPE = YES_ERROR;
				GCC_WARN_UNDECLARED_SELECTOR = YES;
				GCC_WARN_UNINITIALIZED_AUTOS = YES_AGGRESSIVE;
				GCC_WARN_UNUSED_FUNCTION = YES;
				GCC_WARN_UNUSED_VARIABLE = YES;
				IPHONEOS_DEPLOYMENT_TARGET = 8.0;
				MTL_ENABLE_DEBUG_INFO = YES;
				ONLY_ACTIVE_ARCH = YES;
				SDKROOT = iphoneos;
				TARGETED_DEVICE_FAMILY = "1,2";
			};
			name = Debug;
		};
		97BD12691C25F2B3003C9D05 /* Release */ = {
			isa = XCBuildConfiguration;
			buildSettings = {
				ALWAYS_SEARCH_USER_PATHS = NO;
				CLANG_CXX_LANGUAGE_STANDARD = "gnu++0x";
				CLANG_CXX_LIBRARY = "libc++";
				CLANG_ENABLE_MODULES = YES;
				CLANG_ENABLE_OBJC_ARC = YES;
				CLANG_WARN_BOOL_CONVERSION = YES;
				CLANG_WARN_CONSTANT_CONVERSION = YES;
				CLANG_WARN_DIRECT_OBJC_ISA_USAGE = YES_ERROR;
				CLANG_WARN_EMPTY_BODY = YES;
				CLANG_WARN_ENUM_CONVERSION = YES;
				CLANG_WARN_INT_CONVERSION = YES;
				CLANG_WARN_OBJC_ROOT_CLASS = YES_ERROR;
				CLANG_WARN_UNREACHABLE_CODE = YES;
				CLANG_WARN__DUPLICATE_METHOD_MATCH = YES;
				"CODE_SIGN_IDENTITY[sdk=iphoneos*]" = "iPhone Developer";
				COPY_PHASE_STRIP = NO;
				DEBUG_INFORMATION_FORMAT = "dwarf-with-dsym";
				ENABLE_NS_ASSERTIONS = NO;
				ENABLE_STRICT_OBJC_MSGSEND = YES;
				GCC_C_LANGUAGE_STANDARD = gnu99;
				GCC_NO_COMMON_BLOCKS = YES;
				GCC_WARN_64_TO_32_BIT_CONVERSION = YES;
				GCC_WARN_ABOUT_RETURN_TYPE = YES_ERROR;
				GCC_WARN_UNDECLARED_SELECTOR = YES;
				GCC_WARN_UNINITIALIZED_AUTOS = YES_AGGRESSIVE;
				GCC_WARN_UNUSED_FUNCTION = YES;
				GCC_WARN_UNUSED_VARIABLE = YES;
				IPHONEOS_DEPLOYMENT_TARGET = 8.0;
				MTL_ENABLE_DEBUG_INFO = NO;
				SDKROOT = iphoneos;
				TARGETED_DEVICE_FAMILY = "1,2";
				VALIDATE_PRODUCT = YES;
			};
			name = Release;
		};
		97BD126B1C25F2B3003C9D05 /* Debug */ = {
			isa = XCBuildConfiguration;
			baseConfigurationReference = 8C0925BF57E73AE66C616671 /* Pods-test-image-search.debug.xcconfig */;
			buildSettings = {
				ASSETCATALOG_COMPILER_APPICON_NAME = AppIcon;
				INFOPLIST_FILE = "test-image-search/Info.plist";
				LD_RUNPATH_SEARCH_PATHS = "$(inherited) @executable_path/Frameworks";
				PRODUCT_BUNDLE_IDENTIFIER = com.sidslog.testimagesearch;
				PRODUCT_NAME = "$(TARGET_NAME)";
			};
			name = Debug;
		};
		97BD126C1C25F2B3003C9D05 /* Release */ = {
			isa = XCBuildConfiguration;
			baseConfigurationReference = ADEAD597D83F93C39D1B07E5 /* Pods-test-image-search.release.xcconfig */;
			buildSettings = {
				ASSETCATALOG_COMPILER_APPICON_NAME = AppIcon;
				INFOPLIST_FILE = "test-image-search/Info.plist";
				LD_RUNPATH_SEARCH_PATHS = "$(inherited) @executable_path/Frameworks";
				PRODUCT_BUNDLE_IDENTIFIER = com.sidslog.testimagesearch;
				PRODUCT_NAME = "$(TARGET_NAME)";
			};
			name = Release;
		};
/* End XCBuildConfiguration section */

/* Begin XCConfigurationList section */
		97BD124E1C25F2B3003C9D05 /* Build configuration list for PBXProject "test-image-search" */ = {
			isa = XCConfigurationList;
			buildConfigurations = (
				97BD12681C25F2B3003C9D05 /* Debug */,
				97BD12691C25F2B3003C9D05 /* Release */,
			);
			defaultConfigurationIsVisible = 0;
			defaultConfigurationName = Release;
		};
		97BD126A1C25F2B3003C9D05 /* Build configuration list for PBXNativeTarget "test-image-search" */ = {
			isa = XCConfigurationList;
			buildConfigurations = (
				97BD126B1C25F2B3003C9D05 /* Debug */,
				97BD126C1C25F2B3003C9D05 /* Release */,
			);
			defaultConfigurationIsVisible = 0;
			defaultConfigurationName = Release;
		};
/* End XCConfigurationList section */

/* Begin XCVersionGroup section */
		979534041C27290400F8233E /* ImagesDB.xcdatamodeld */ = {
			isa = XCVersionGroup;
			children = (
				979534051C27290400F8233E /* ImagesDB.xcdatamodel */,
			);
			currentVersion = 979534051C27290400F8233E /* ImagesDB.xcdatamodel */;
			path = ImagesDB.xcdatamodeld;
			sourceTree = "<group>";
			versionGroupType = wrapper.xcdatamodel;
		};
/* End XCVersionGroup section */
	};
	rootObject = 97BD124B1C25F2B3003C9D05 /* Project object */;
}
